
Microsoft Visual Studio Solution File, Format Version 12.00
# Visual Studio 15
VisualStudioVersion = 15.0.26730.15
MinimumVisualStudioVersion = 10.0.40219.1
Project("{FAE04EC0-301F-11D3-BF4B-00C04F79EFBC}") = "DemoNavigation.Android", "DemoNavigation\DemoNavigation.Android\DemoNavigation.Android.csproj", "{76ABF859-B6CC-4659-A91E-8043A9735C8F}"
EndProject
Project("{FAE04EC0-301F-11D3-BF4B-00C04F79EFBC}") = "DemoNavigation", "DemoNavigation\DemoNavigation\DemoNavigation.csproj", "{7154812A-AFAA-4755-A536-89BF45BCFFFF}"
EndProject
Project("{FAE04EC0-301F-11D3-BF4B-00C04F79EFBC}") = "DemoNavigation.UWP", "DemoNavigation\DemoNavigation.UWP\DemoNavigation.UWP.csproj", "{19274A25-435C-41B7-8509-1EAAE4293D44}"
EndProject
Project("{FAE04EC0-301F-11D3-BF4B-00C04F79EFBC}") = "DemoNavigation.iOS", "DemoNavigation\DemoNavigation.iOS\DemoNavigation.iOS.csproj", "{89F7A692-E3DD-43A8-A078-4663ECA21691}"
EndProject
Global
	GlobalSection(SolutionConfigurationPlatforms) = preSolution
		Ad-Hoc|Any CPU = Ad-Hoc|Any CPU
		Ad-Hoc|ARM = Ad-Hoc|ARM
		Ad-Hoc|iPhone = Ad-Hoc|iPhone
		Ad-Hoc|iPhoneSimulator = Ad-Hoc|iPhoneSimulator
		Ad-Hoc|x64 = Ad-Hoc|x64
		Ad-Hoc|x86 = Ad-Hoc|x86
		AppStore|Any CPU = AppStore|Any CPU
		AppStore|ARM = AppStore|ARM
		AppStore|iPhone = AppStore|iPhone
		AppStore|iPhoneSimulator = AppStore|iPhoneSimulator
		AppStore|x64 = AppStore|x64
		AppStore|x86 = AppStore|x86
		Debug|Any CPU = Debug|Any CPU
		Debug|ARM = Debug|ARM
		Debug|iPhone = Debug|iPhone
		Debug|iPhoneSimulator = Debug|iPhoneSimulator
		Debug|x64 = Debug|x64
		Debug|x86 = Debug|x86
		Release|Any CPU = Release|Any CPU
		Release|ARM = Release|ARM
		Release|iPhone = Release|iPhone
		Release|iPhoneSimulator = Release|iPhoneSimulator
		Release|x64 = Release|x64
		Release|x86 = Release|x86
	EndGlobalSection
	GlobalSection(ProjectConfigurationPlatforms) = postSolution
		{76ABF859-B6CC-4659-A91E-8043A9735C8F}.Ad-Hoc|Any CPU.ActiveCfg = Release|Any CPU
		{76ABF859-B6CC-4659-A91E-8043A9735C8F}.Ad-Hoc|Any CPU.Build.0 = Release|Any CPU
		{76ABF859-B6CC-4659-A91E-8043A9735C8F}.Ad-Hoc|Any CPU.Deploy.0 = Release|Any CPU
		{76ABF859-B6CC-4659-A91E-8043A9735C8F}.Ad-Hoc|ARM.ActiveCfg = Release|Any CPU
		{76ABF859-B6CC-4659-A91E-8043A9735C8F}.Ad-Hoc|ARM.Build.0 = Release|Any CPU
		{76ABF859-B6CC-4659-A91E-8043A9735C8F}.Ad-Hoc|ARM.Deploy.0 = Release|Any CPU
		{76ABF859-B6CC-4659-A91E-8043A9735C8F}.Ad-Hoc|iPhone.ActiveCfg = Release|Any CPU
		{76ABF859-B6CC-4659-A91E-8043A9735C8F}.Ad-Hoc|iPhone.Build.0 = Release|Any CPU
		{76ABF859-B6CC-4659-A91E-8043A9735C8F}.Ad-Hoc|iPhone.Deploy.0 = Release|Any CPU
		{76ABF859-B6CC-4659-A91E-8043A9735C8F}.Ad-Hoc|iPhoneSimulator.ActiveCfg = Release|Any CPU
		{76ABF859-B6CC-4659-A91E-8043A9735C8F}.Ad-Hoc|iPhoneSimulator.Build.0 = Release|Any CPU
		{76ABF859-B6CC-4659-A91E-8043A9735C8F}.Ad-Hoc|iPhoneSimulator.Deploy.0 = Release|Any CPU
		{76ABF859-B6CC-4659-A91E-8043A9735C8F}.Ad-Hoc|x64.ActiveCfg = Release|Any CPU
		{76ABF859-B6CC-4659-A91E-8043A9735C8F}.Ad-Hoc|x64.Build.0 = Release|Any CPU
		{76ABF859-B6CC-4659-A91E-8043A9735C8F}.Ad-Hoc|x64.Deploy.0 = Release|Any CPU
		{76ABF859-B6CC-4659-A91E-8043A9735C8F}.Ad-Hoc|x86.ActiveCfg = Release|Any CPU
		{76ABF859-B6CC-4659-A91E-8043A9735C8F}.Ad-Hoc|x86.Build.0 = Release|Any CPU
		{76ABF859-B6CC-4659-A91E-8043A9735C8F}.Ad-Hoc|x86.Deploy.0 = Release|Any CPU
		{76ABF859-B6CC-4659-A91E-8043A9735C8F}.AppStore|Any CPU.ActiveCfg = Release|Any CPU
		{76ABF859-B6CC-4659-A91E-8043A9735C8F}.AppStore|Any CPU.Build.0 = Release|Any CPU
		{76ABF859-B6CC-4659-A91E-8043A9735C8F}.AppStore|Any CPU.Deploy.0 = Release|Any CPU
		{76ABF859-B6CC-4659-A91E-8043A9735C8F}.AppStore|ARM.ActiveCfg = Release|Any CPU
		{76ABF859-B6CC-4659-A91E-8043A9735C8F}.AppStore|ARM.Build.0 = Release|Any CPU
		{76ABF859-B6CC-4659-A91E-8043A9735C8F}.AppStore|ARM.Deploy.0 = Release|Any CPU
		{76ABF859-B6CC-4659-A91E-8043A9735C8F}.AppStore|iPhone.ActiveCfg = Release|Any CPU
		{76ABF859-B6CC-4659-A91E-8043A9735C8F}.AppStore|iPhone.Build.0 = Release|Any CPU
		{76ABF859-B6CC-4659-A91E-8043A9735C8F}.AppStore|iPhone.Deploy.0 = Release|Any CPU
		{76ABF859-B6CC-4659-A91E-8043A9735C8F}.AppStore|iPhoneSimulator.ActiveCfg = Release|Any CPU
		{76ABF859-B6CC-4659-A91E-8043A9735C8F}.AppStore|iPhoneSimulator.Build.0 = Release|Any CPU
		{76ABF859-B6CC-4659-A91E-8043A9735C8F}.AppStore|iPhoneSimulator.Deploy.0 = Release|Any CPU
		{76ABF859-B6CC-4659-A91E-8043A9735C8F}.AppStore|x64.ActiveCfg = Release|Any CPU
		{76ABF859-B6CC-4659-A91E-8043A9735C8F}.AppStore|x64.Build.0 = Release|Any CPU
		{76ABF859-B6CC-4659-A91E-8043A9735C8F}.AppStore|x64.Deploy.0 = Release|Any CPU
		{76ABF859-B6CC-4659-A91E-8043A9735C8F}.AppStore|x86.ActiveCfg = Release|Any CPU
		{76ABF859-B6CC-4659-A91E-8043A9735C8F}.AppStore|x86.Build.0 = Release|Any CPU
		{76ABF859-B6CC-4659-A91E-8043A9735C8F}.AppStore|x86.Deploy.0 = Release|Any CPU
		{76ABF859-B6CC-4659-A91E-8043A9735C8F}.Debug|Any CPU.ActiveCfg = Debug|Any CPU
		{76ABF859-B6CC-4659-A91E-8043A9735C8F}.Debug|Any CPU.Build.0 = Debug|Any CPU
		{76ABF859-B6CC-4659-A91E-8043A9735C8F}.Debug|Any CPU.Deploy.0 = Debug|Any CPU
		{76ABF859-B6CC-4659-A91E-8043A9735C8F}.Debug|ARM.ActiveCfg = Debug|Any CPU
		{76ABF859-B6CC-4659-A91E-8043A9735C8F}.Debug|ARM.Build.0 = Debug|Any CPU
		{76ABF859-B6CC-4659-A91E-8043A9735C8F}.Debug|ARM.Deploy.0 = Debug|Any CPU
		{76ABF859-B6CC-4659-A91E-8043A9735C8F}.Debug|iPhone.ActiveCfg = Debug|Any CPU
		{76ABF859-B6CC-4659-A91E-8043A9735C8F}.Debug|iPhone.Build.0 = Debug|Any CPU
		{76ABF859-B6CC-4659-A91E-8043A9735C8F}.Debug|iPhone.Deploy.0 = Debug|Any CPU
		{76ABF859-B6CC-4659-A91E-8043A9735C8F}.Debug|iPhoneSimulator.ActiveCfg = Debug|Any CPU
		{76ABF859-B6CC-4659-A91E-8043A9735C8F}.Debug|iPhoneSimulator.Build.0 = Debug|Any CPU
		{76ABF859-B6CC-4659-A91E-8043A9735C8F}.Debug|iPhoneSimulator.Deploy.0 = Debug|Any CPU
		{76ABF859-B6CC-4659-A91E-8043A9735C8F}.Debug|x64.ActiveCfg = Debug|Any CPU
		{76ABF859-B6CC-4659-A91E-8043A9735C8F}.Debug|x64.Build.0 = Debug|Any CPU
		{76ABF859-B6CC-4659-A91E-8043A9735C8F}.Debug|x64.Deploy.0 = Debug|Any CPU
		{76ABF859-B6CC-4659-A91E-8043A9735C8F}.Debug|x86.ActiveCfg = Debug|Any CPU
		{76ABF859-B6CC-4659-A91E-8043A9735C8F}.Debug|x86.Build.0 = Debug|Any CPU
		{76ABF859-B6CC-4659-A91E-8043A9735C8F}.Debug|x86.Deploy.0 = Debug|Any CPU
		{76ABF859-B6CC-4659-A91E-8043A9735C8F}.Release|Any CPU.ActiveCfg = Release|Any CPU
		{76ABF859-B6CC-4659-A91E-8043A9735C8F}.Release|Any CPU.Build.0 = Release|Any CPU
		{76ABF859-B6CC-4659-A91E-8043A9735C8F}.Release|Any CPU.Deploy.0 = Release|Any CPU
		{76ABF859-B6CC-4659-A91E-8043A9735C8F}.Release|ARM.ActiveCfg = Release|Any CPU
		{76ABF859-B6CC-4659-A91E-8043A9735C8F}.Release|ARM.Build.0 = Release|Any CPU
		{76ABF859-B6CC-4659-A91E-8043A9735C8F}.Release|ARM.Deploy.0 = Release|Any CPU
		{76ABF859-B6CC-4659-A91E-8043A9735C8F}.Release|iPhone.ActiveCfg = Release|Any CPU
		{76ABF859-B6CC-4659-A91E-8043A9735C8F}.Release|iPhone.Build.0 = Release|Any CPU
		{76ABF859-B6CC-4659-A91E-8043A9735C8F}.Release|iPhone.Deploy.0 = Release|Any CPU
		{76ABF859-B6CC-4659-A91E-8043A9735C8F}.Release|iPhoneSimulator.ActiveCfg = Release|Any CPU
		{76ABF859-B6CC-4659-A91E-8043A9735C8F}.Release|iPhoneSimulator.Build.0 = Release|Any CPU
		{76ABF859-B6CC-4659-A91E-8043A9735C8F}.Release|iPhoneSimulator.Deploy.0 = Release|Any CPU
		{76ABF859-B6CC-4659-A91E-8043A9735C8F}.Release|x64.ActiveCfg = Release|Any CPU
		{76ABF859-B6CC-4659-A91E-8043A9735C8F}.Release|x64.Build.0 = Release|Any CPU
		{76ABF859-B6CC-4659-A91E-8043A9735C8F}.Release|x64.Deploy.0 = Release|Any CPU
		{76ABF859-B6CC-4659-A91E-8043A9735C8F}.Release|x86.ActiveCfg = Release|Any CPU
		{76ABF859-B6CC-4659-A91E-8043A9735C8F}.Release|x86.Build.0 = Release|Any CPU
		{76ABF859-B6CC-4659-A91E-8043A9735C8F}.Release|x86.Deploy.0 = Release|Any CPU
		{7154812A-AFAA-4755-A536-89BF45BCFFFF}.Ad-Hoc|Any CPU.ActiveCfg = Release|Any CPU
		{7154812A-AFAA-4755-A536-89BF45BCFFFF}.Ad-Hoc|Any CPU.Build.0 = Release|Any CPU
		{7154812A-AFAA-4755-A536-89BF45BCFFFF}.Ad-Hoc|ARM.ActiveCfg = Release|Any CPU
		{7154812A-AFAA-4755-A536-89BF45BCFFFF}.Ad-Hoc|ARM.Build.0 = Release|Any CPU
		{7154812A-AFAA-4755-A536-89BF45BCFFFF}.Ad-Hoc|iPhone.ActiveCfg = Release|Any CPU
		{7154812A-AFAA-4755-A536-89BF45BCFFFF}.Ad-Hoc|iPhone.Build.0 = Release|Any CPU
		{7154812A-AFAA-4755-A536-89BF45BCFFFF}.Ad-Hoc|iPhoneSimulator.ActiveCfg = Release|Any CPU
		{7154812A-AFAA-4755-A536-89BF45BCFFFF}.Ad-Hoc|iPhoneSimulator.Build.0 = Release|Any CPU
		{7154812A-AFAA-4755-A536-89BF45BCFFFF}.Ad-Hoc|x64.ActiveCfg = Release|Any CPU
		{7154812A-AFAA-4755-A536-89BF45BCFFFF}.Ad-Hoc|x64.Build.0 = Release|Any CPU
		{7154812A-AFAA-4755-A536-89BF45BCFFFF}.Ad-Hoc|x86.ActiveCfg = Release|Any CPU
		{7154812A-AFAA-4755-A536-89BF45BCFFFF}.Ad-Hoc|x86.Build.0 = Release|Any CPU
		{7154812A-AFAA-4755-A536-89BF45BCFFFF}.AppStore|Any CPU.ActiveCfg = Release|Any CPU
		{7154812A-AFAA-4755-A536-89BF45BCFFFF}.AppStore|Any CPU.Build.0 = Release|Any CPU
		{7154812A-AFAA-4755-A536-89BF45BCFFFF}.AppStore|ARM.ActiveCfg = Release|Any CPU
		{7154812A-AFAA-4755-A536-89BF45BCFFFF}.AppStore|ARM.Build.0 = Release|Any CPU
		{7154812A-AFAA-4755-A536-89BF45BCFFFF}.AppStore|iPhone.ActiveCfg = Release|Any CPU
		{7154812A-AFAA-4755-A536-89BF45BCFFFF}.AppStore|iPhone.Build.0 = Release|Any CPU
		{7154812A-AFAA-4755-A536-89BF45BCFFFF}.AppStore|iPhoneSimulator.ActiveCfg = Release|Any CPU
		{7154812A-AFAA-4755-A536-89BF45BCFFFF}.AppStore|iPhoneSimulator.Build.0 = Release|Any CPU
		{7154812A-AFAA-4755-A536-89BF45BCFFFF}.AppStore|x64.ActiveCfg = Release|Any CPU
		{7154812A-AFAA-4755-A536-89BF45BCFFFF}.AppStore|x64.Build.0 = Release|Any CPU
		{7154812A-AFAA-4755-A536-89BF45BCFFFF}.AppStore|x86.ActiveCfg = Release|Any CPU
		{7154812A-AFAA-4755-A536-89BF45BCFFFF}.AppStore|x86.Build.0 = Release|Any CPU
		{7154812A-AFAA-4755-A536-89BF45BCFFFF}.Debug|Any CPU.ActiveCfg = Debug|Any CPU
		{7154812A-AFAA-4755-A536-89BF45BCFFFF}.Debug|Any CPU.Build.0 = Debug|Any CPU
		{7154812A-AFAA-4755-A536-89BF45BCFFFF}.Debug|ARM.ActiveCfg = Debug|Any CPU
		{7154812A-AFAA-4755-A536-89BF45BCFFFF}.Debug|ARM.Build.0 = Debug|Any CPU
		{7154812A-AFAA-4755-A536-89BF45BCFFFF}.Debug|iPhone.ActiveCfg = Debug|Any CPU
		{7154812A-AFAA-4755-A536-89BF45BCFFFF}.Debug|iPhone.Build.0 = Debug|Any CPU
		{7154812A-AFAA-4755-A536-89BF45BCFFFF}.Debug|iPhoneSimulator.ActiveCfg = Debug|Any CPU
		{7154812A-AFAA-4755-A536-89BF45BCFFFF}.Debug|iPhoneSimulator.Build.0 = Debug|Any CPU
		{7154812A-AFAA-4755-A536-89BF45BCFFFF}.Debug|x64.ActiveCfg = Debug|Any CPU
		{7154812A-AFAA-4755-A536-89BF45BCFFFF}.Debug|x64.Build.0 = Debug|Any CPU
		{7154812A-AFAA-4755-A536-89BF45BCFFFF}.Debug|x86.ActiveCfg = Debug|Any CPU
		{7154812A-AFAA-4755-A536-89BF45BCFFFF}.Debug|x86.Build.0 = Debug|Any CPU
		{7154812A-AFAA-4755-A536-89BF45BCFFFF}.Release|Any CPU.ActiveCfg = Release|Any CPU
		{7154812A-AFAA-4755-A536-89BF45BCFFFF}.Release|Any CPU.Build.0 = Release|Any CPU
		{7154812A-AFAA-4755-A536-89BF45BCFFFF}.Release|ARM.ActiveCfg = Release|Any CPU
		{7154812A-AFAA-4755-A536-89BF45BCFFFF}.Release|ARM.Build.0 = Release|Any CPU
		{7154812A-AFAA-4755-A536-89BF45BCFFFF}.Release|iPhone.ActiveCfg = Release|Any CPU
		{7154812A-AFAA-4755-A536-89BF45BCFFFF}.Release|iPhone.Build.0 = Release|Any CPU
		{7154812A-AFAA-4755-A536-89BF45BCFFFF}.Release|iPhoneSimulator.ActiveCfg = Release|Any CPU
		{7154812A-AFAA-4755-A536-89BF45BCFFFF}.Release|iPhoneSimulator.Build.0 = Release|Any CPU
		{7154812A-AFAA-4755-A536-89BF45BCFFFF}.Release|x64.ActiveCfg = Release|Any CPU
		{7154812A-AFAA-4755-A536-89BF45BCFFFF}.Release|x64.Build.0 = Release|Any CPU
		{7154812A-AFAA-4755-A536-89BF45BCFFFF}.Release|x86.ActiveCfg = Release|Any CPU
		{7154812A-AFAA-4755-A536-89BF45BCFFFF}.Release|x86.Build.0 = Release|Any CPU
		{19274A25-435C-41B7-8509-1EAAE4293D44}.Ad-Hoc|Any CPU.ActiveCfg = Release|x86
		{19274A25-435C-41B7-8509-1EAAE4293D44}.Ad-Hoc|Any CPU.Build.0 = Release|x86
		{19274A25-435C-41B7-8509-1EAAE4293D44}.Ad-Hoc|Any CPU.Deploy.0 = Release|x86
		{19274A25-435C-41B7-8509-1EAAE4293D44}.Ad-Hoc|ARM.ActiveCfg = Release|ARM
		{19274A25-435C-41B7-8509-1EAAE4293D44}.Ad-Hoc|ARM.Build.0 = Release|ARM
		{19274A25-435C-41B7-8509-1EAAE4293D44}.Ad-Hoc|ARM.Deploy.0 = Release|ARM
		{19274A25-435C-41B7-8509-1EAAE4293D44}.Ad-Hoc|iPhone.ActiveCfg = Release|x86
		{19274A25-435C-41B7-8509-1EAAE4293D44}.Ad-Hoc|iPhone.Build.0 = Release|x86
		{19274A25-435C-41B7-8509-1EAAE4293D44}.Ad-Hoc|iPhone.Deploy.0 = Release|x86
		{19274A25-435C-41B7-8509-1EAAE4293D44}.Ad-Hoc|iPhoneSimulator.ActiveCfg = Release|x86
		{19274A25-435C-41B7-8509-1EAAE4293D44}.Ad-Hoc|iPhoneSimulator.Build.0 = Release|x86
		{19274A25-435C-41B7-8509-1EAAE4293D44}.Ad-Hoc|iPhoneSimulator.Deploy.0 = Release|x86
		{19274A25-435C-41B7-8509-1EAAE4293D44}.Ad-Hoc|x64.ActiveCfg = Release|x64
		{19274A25-435C-41B7-8509-1EAAE4293D44}.Ad-Hoc|x64.Build.0 = Release|x64
		{19274A25-435C-41B7-8509-1EAAE4293D44}.Ad-Hoc|x64.Deploy.0 = Release|x64
		{19274A25-435C-41B7-8509-1EAAE4293D44}.Ad-Hoc|x86.ActiveCfg = Release|x86
		{19274A25-435C-41B7-8509-1EAAE4293D44}.Ad-Hoc|x86.Build.0 = Release|x86
		{19274A25-435C-41B7-8509-1EAAE4293D44}.Ad-Hoc|x86.Deploy.0 = Release|x86
		{19274A25-435C-41B7-8509-1EAAE4293D44}.AppStore|Any CPU.ActiveCfg = Release|x86
		{19274A25-435C-41B7-8509-1EAAE4293D44}.AppStore|Any CPU.Build.0 = Release|x86
		{19274A25-435C-41B7-8509-1EAAE4293D44}.AppStore|Any CPU.Deploy.0 = Release|x86
		{19274A25-435C-41B7-8509-1EAAE4293D44}.AppStore|ARM.ActiveCfg = Release|ARM
		{19274A25-435C-41B7-8509-1EAAE4293D44}.AppStore|ARM.Build.0 = Release|ARM
		{19274A25-435C-41B7-8509-1EAAE4293D44}.AppStore|ARM.Deploy.0 = Release|ARM
		{19274A25-435C-41B7-8509-1EAAE4293D44}.AppStore|iPhone.ActiveCfg = Release|x86
		{19274A25-435C-41B7-8509-1EAAE4293D44}.AppStore|iPhone.Build.0 = Release|x86
		{19274A25-435C-41B7-8509-1EAAE4293D44}.AppStore|iPhone.Deploy.0 = Release|x86
		{19274A25-435C-41B7-8509-1EAAE4293D44}.AppStore|iPhoneSimulator.ActiveCfg = Release|x86
		{19274A25-435C-41B7-8509-1EAAE4293D44}.AppStore|iPhoneSimulator.Build.0 = Release|x86
		{19274A25-435C-41B7-8509-1EAAE4293D44}.AppStore|iPhoneSimulator.Deploy.0 = Release|x86
		{19274A25-435C-41B7-8509-1EAAE4293D44}.AppStore|x64.ActiveCfg = Release|x64
		{19274A25-435C-41B7-8509-1EAAE4293D44}.AppStore|x64.Build.0 = Release|x64
		{19274A25-435C-41B7-8509-1EAAE4293D44}.AppStore|x64.Deploy.0 = Release|x64
		{19274A25-435C-41B7-8509-1EAAE4293D44}.AppStore|x86.ActiveCfg = Release|x86
		{19274A25-435C-41B7-8509-1EAAE4293D44}.AppStore|x86.Build.0 = Release|x86
		{19274A25-435C-41B7-8509-1EAAE4293D44}.AppStore|x86.Deploy.0 = Release|x86
		{19274A25-435C-41B7-8509-1EAAE4293D44}.Debug|Any CPU.ActiveCfg = Debug|x86
		{19274A25-435C-41B7-8509-1EAAE4293D44}.Debug|ARM.ActiveCfg = Debug|ARM
		{19274A25-435C-41B7-8509-1EAAE4293D44}.Debug|ARM.Build.0 = Debug|ARM
		{19274A25-435C-41B7-8509-1EAAE4293D44}.Debug|ARM.Deploy.0 = Debug|ARM
		{19274A25-435C-41B7-8509-1EAAE4293D44}.Debug|iPhone.ActiveCfg = Debug|x86
		{19274A25-435C-41B7-8509-1EAAE4293D44}.Debug|iPhoneSimulator.ActiveCfg = Debug|x86
		{19274A25-435C-41B7-8509-1EAAE4293D44}.Debug|x64.ActiveCfg = Debug|x64
		{19274A25-435C-41B7-8509-1EAAE4293D44}.Debug|x64.Build.0 = Debug|x64
		{19274A25-435C-41B7-8509-1EAAE4293D44}.Debug|x64.Deploy.0 = Debug|x64
		{19274A25-435C-41B7-8509-1EAAE4293D44}.Debug|x86.ActiveCfg = Debug|x86
		{19274A25-435C-41B7-8509-1EAAE4293D44}.Debug|x86.Build.0 = Debug|x86
		{19274A25-435C-41B7-8509-1EAAE4293D44}.Debug|x86.Deploy.0 = Debug|x86
		{19274A25-435C-41B7-8509-1EAAE4293D44}.Release|Any CPU.ActiveCfg = Release|x86
		{19274A25-435C-41B7-8509-1EAAE4293D44}.Release|ARM.ActiveCfg = Release|ARM
		{19274A25-435C-41B7-8509-1EAAE4293D44}.Release|ARM.Build.0 = Release|ARM
		{19274A25-435C-41B7-8509-1EAAE4293D44}.Release|ARM.Deploy.0 = Release|ARM
		{19274A25-435C-41B7-8509-1EAAE4293D44}.Release|iPhone.ActiveCfg = Release|x86
		{19274A25-435C-41B7-8509-1EAAE4293D44}.Release|iPhoneSimulator.ActiveCfg = Release|x86
		{19274A25-435C-41B7-8509-1EAAE4293D44}.Release|x64.ActiveCfg = Release|x64
		{19274A25-435C-41B7-8509-1EAAE4293D44}.Release|x64.Build.0 = Release|x64
		{19274A25-435C-41B7-8509-1EAAE4293D44}.Release|x64.Deploy.0 = Release|x64
		{19274A25-435C-41B7-8509-1EAAE4293D44}.Release|x86.ActiveCfg = Release|x86
		{19274A25-435C-41B7-8509-1EAAE4293D44}.Release|x86.Build.0 = Release|x86
		{19274A25-435C-41B7-8509-1EAAE4293D44}.Release|x86.Deploy.0 = Release|x86
		{89F7A692-E3DD-43A8-A078-4663ECA21691}.Ad-Hoc|Any CPU.ActiveCfg = Ad-Hoc|iPhone
		{89F7A692-E3DD-43A8-A078-4663ECA21691}.Ad-Hoc|ARM.ActiveCfg = Ad-Hoc|iPhone
		{89F7A692-E3DD-43A8-A078-4663ECA21691}.Ad-Hoc|iPhone.ActiveCfg = Ad-Hoc|iPhone
		{89F7A692-E3DD-43A8-A078-4663ECA21691}.Ad-Hoc|iPhone.Build.0 = Ad-Hoc|iPhone
		{89F7A692-E3DD-43A8-A078-4663ECA21691}.Ad-Hoc|iPhoneSimulator.ActiveCfg = Ad-Hoc|iPhoneSimulator
		{89F7A692-E3DD-43A8-A078-4663ECA21691}.Ad-Hoc|iPhoneSimulator.Build.0 = Ad-Hoc|iPhoneSimulator
		{89F7A692-E3DD-43A8-A078-4663ECA21691}.Ad-Hoc|x64.ActiveCfg = Ad-Hoc|iPhone
		{89F7A692-E3DD-43A8-A078-4663ECA21691}.Ad-Hoc|x86.ActiveCfg = Ad-Hoc|iPhone
		{89F7A692-E3DD-43A8-A078-4663ECA21691}.AppStore|Any CPU.ActiveCfg = AppStore|iPhone
		{89F7A692-E3DD-43A8-A078-4663ECA21691}.AppStore|ARM.ActiveCfg = AppStore|iPhone
		{89F7A692-E3DD-43A8-A078-4663ECA21691}.AppStore|iPhone.ActiveCfg = AppStore|iPhone
		{89F7A692-E3DD-43A8-A078-4663ECA21691}.AppStore|iPhone.Build.0 = AppStore|iPhone
		{89F7A692-E3DD-43A8-A078-4663ECA21691}.AppStore|iPhoneSimulator.ActiveCfg = AppStore|iPhoneSimulator
		{89F7A692-E3DD-43A8-A078-4663ECA21691}.AppStore|iPhoneSimulator.Build.0 = AppStore|iPhoneSimulator
		{89F7A692-E3DD-43A8-A078-4663ECA21691}.AppStore|x64.ActiveCfg = AppStore|iPhone
		{89F7A692-E3DD-43A8-A078-4663ECA21691}.AppStore|x86.ActiveCfg = AppStore|iPhone
		{89F7A692-E3DD-43A8-A078-4663ECA21691}.Debug|Any CPU.ActiveCfg = Debug|iPhone
		{89F7A692-E3DD-43A8-A078-4663ECA21691}.Debug|ARM.ActiveCfg = Debug|iPhone
		{89F7A692-E3DD-43A8-A078-4663ECA21691}.Debug|iPhone.ActiveCfg = Debug|iPhone
		{89F7A692-E3DD-43A8-A078-4663ECA21691}.Debug|iPhone.Build.0 = Debug|iPhone
		{89F7A692-E3DD-43A8-A078-4663ECA21691}.Debug|iPhoneSimulator.ActiveCfg = Debug|iPhoneSimulator
		{89F7A692-E3DD-43A8-A078-4663ECA21691}.Debug|iPhoneSimulator.Build.0 = Debug|iPhoneSimulator
		{89F7A692-E3DD-43A8-A078-4663ECA21691}.Debug|x64.ActiveCfg = Debug|iPhone
		{89F7A692-E3DD-43A8-A078-4663ECA21691}.Debug|x86.ActiveCfg = Debug|iPhone
		{89F7A692-E3DD-43A8-A078-4663ECA21691}.Release|Any CPU.ActiveCfg = Release|iPhone
		{89F7A692-E3DD-43A8-A078-4663ECA21691}.Release|ARM.ActiveCfg = Release|iPhone
		{89F7A692-E3DD-43A8-A078-4663ECA21691}.Release|iPhone.ActiveCfg = Release|iPhone
		{89F7A692-E3DD-43A8-A078-4663ECA21691}.Release|iPhone.Build.0 = Release|iPhone
		{89F7A692-E3DD-43A8-A078-4663ECA21691}.Release|iPhoneSimulator.ActiveCfg = Release|iPhoneSimulator
		{89F7A692-E3DD-43A8-A078-4663ECA21691}.Release|iPhoneSimulator.Build.0 = Release|iPhoneSimulator
		{89F7A692-E3DD-43A8-A078-4663ECA21691}.Release|x64.ActiveCfg = Release|iPhone
		{89F7A692-E3DD-43A8-A078-4663ECA21691}.Release|x86.ActiveCfg = Release|iPhone
	EndGlobalSection
	GlobalSection(SolutionProperties) = preSolution
		HideSolutionNode = FALSE
	EndGlobalSection
	GlobalSection(ExtensibilityGlobals) = postSolution
		SolutionGuid = {58493D82-E7FC-406C-8796-D9FE2DFA29C9}
	EndGlobalSection
EndGlobal
