
Microsoft Visual Studio Solution File, Format Version 12.00
# Visual Studio 15
VisualStudioVersion = 15.0.26730.15
MinimumVisualStudioVersion = 10.0.40219.1
Project("{FAE04EC0-301F-11D3-BF4B-00C04F79EFBC}") = "Demo_Navigation.Android", "week2_Demo\week2_Demo.Android\Demo_Navigation.Android.csproj", "{2D795909-ED84-46FF-BCEF-CF34AC3D44DA}"
EndProject
Project("{FAE04EC0-301F-11D3-BF4B-00C04F79EFBC}") = "Demo_Navigation", "week2_Demo\week2_Demo\Demo_Navigation.csproj", "{CA003EEF-6A61-483C-97D4-D0882447EEFB}"
EndProject
Project("{FAE04EC0-301F-11D3-BF4B-00C04F79EFBC}") = "Demo_Navigation.UWP", "week2_Demo\week2_Demo.UWP\Demo_Navigation.UWP.csproj", "{4385C513-4BA1-4710-A71C-852886F2FF30}"
EndProject
Project("{FAE04EC0-301F-11D3-BF4B-00C04F79EFBC}") = "Demo_Navigation.iOS", "week2_Demo\week2_Demo.iOS\Demo_Navigation.iOS.csproj", "{E694309E-118B-475B-9BC7-A70228392624}"
EndProject
Global
	GlobalSection(SolutionConfigurationPlatforms) = preSolution
		Ad-Hoc|Any CPU = Ad-Hoc|Any CPU
		Ad-Hoc|ARM = Ad-Hoc|ARM
		Ad-Hoc|iPhone = Ad-Hoc|iPhone
		Ad-Hoc|iPhoneSimulator = Ad-Hoc|iPhoneSimulator
		Ad-Hoc|x64 = Ad-Hoc|x64
		Ad-Hoc|x86 = Ad-Hoc|x86
		AppStore|Any CPU = AppStore|Any CPU
		AppStore|ARM = AppStore|ARM
		AppStore|iPhone = AppStore|iPhone
		AppStore|iPhoneSimulator = AppStore|iPhoneSimulator
		AppStore|x64 = AppStore|x64
		AppStore|x86 = AppStore|x86
		Debug|Any CPU = Debug|Any CPU
		Debug|ARM = Debug|ARM
		Debug|iPhone = Debug|iPhone
		Debug|iPhoneSimulator = Debug|iPhoneSimulator
		Debug|x64 = Debug|x64
		Debug|x86 = Debug|x86
		Release|Any CPU = Release|Any CPU
		Release|ARM = Release|ARM
		Release|iPhone = Release|iPhone
		Release|iPhoneSimulator = Release|iPhoneSimulator
		Release|x64 = Release|x64
		Release|x86 = Release|x86
	EndGlobalSection
	GlobalSection(ProjectConfigurationPlatforms) = postSolution
		{2D795909-ED84-46FF-BCEF-CF34AC3D44DA}.Ad-Hoc|Any CPU.ActiveCfg = Release|Any CPU
		{2D795909-ED84-46FF-BCEF-CF34AC3D44DA}.Ad-Hoc|Any CPU.Build.0 = Release|Any CPU
		{2D795909-ED84-46FF-BCEF-CF34AC3D44DA}.Ad-Hoc|Any CPU.Deploy.0 = Release|Any CPU
		{2D795909-ED84-46FF-BCEF-CF34AC3D44DA}.Ad-Hoc|ARM.ActiveCfg = Release|Any CPU
		{2D795909-ED84-46FF-BCEF-CF34AC3D44DA}.Ad-Hoc|ARM.Build.0 = Release|Any CPU
		{2D795909-ED84-46FF-BCEF-CF34AC3D44DA}.Ad-Hoc|ARM.Deploy.0 = Release|Any CPU
		{2D795909-ED84-46FF-BCEF-CF34AC3D44DA}.Ad-Hoc|iPhone.ActiveCfg = Release|Any CPU
		{2D795909-ED84-46FF-BCEF-CF34AC3D44DA}.Ad-Hoc|iPhone.Build.0 = Release|Any CPU
		{2D795909-ED84-46FF-BCEF-CF34AC3D44DA}.Ad-Hoc|iPhone.Deploy.0 = Release|Any CPU
		{2D795909-ED84-46FF-BCEF-CF34AC3D44DA}.Ad-Hoc|iPhoneSimulator.ActiveCfg = Release|Any CPU
		{2D795909-ED84-46FF-BCEF-CF34AC3D44DA}.Ad-Hoc|iPhoneSimulator.Build.0 = Release|Any CPU
		{2D795909-ED84-46FF-BCEF-CF34AC3D44DA}.Ad-Hoc|iPhoneSimulator.Deploy.0 = Release|Any CPU
		{2D795909-ED84-46FF-BCEF-CF34AC3D44DA}.Ad-Hoc|x64.ActiveCfg = Release|Any CPU
		{2D795909-ED84-46FF-BCEF-CF34AC3D44DA}.Ad-Hoc|x64.Build.0 = Release|Any CPU
		{2D795909-ED84-46FF-BCEF-CF34AC3D44DA}.Ad-Hoc|x64.Deploy.0 = Release|Any CPU
		{2D795909-ED84-46FF-BCEF-CF34AC3D44DA}.Ad-Hoc|x86.ActiveCfg = Release|Any CPU
		{2D795909-ED84-46FF-BCEF-CF34AC3D44DA}.Ad-Hoc|x86.Build.0 = Release|Any CPU
		{2D795909-ED84-46FF-BCEF-CF34AC3D44DA}.Ad-Hoc|x86.Deploy.0 = Release|Any CPU
		{2D795909-ED84-46FF-BCEF-CF34AC3D44DA}.AppStore|Any CPU.ActiveCfg = Release|Any CPU
		{2D795909-ED84-46FF-BCEF-CF34AC3D44DA}.AppStore|Any CPU.Build.0 = Release|Any CPU
		{2D795909-ED84-46FF-BCEF-CF34AC3D44DA}.AppStore|Any CPU.Deploy.0 = Release|Any CPU
		{2D795909-ED84-46FF-BCEF-CF34AC3D44DA}.AppStore|ARM.ActiveCfg = Release|Any CPU
		{2D795909-ED84-46FF-BCEF-CF34AC3D44DA}.AppStore|ARM.Build.0 = Release|Any CPU
		{2D795909-ED84-46FF-BCEF-CF34AC3D44DA}.AppStore|ARM.Deploy.0 = Release|Any CPU
		{2D795909-ED84-46FF-BCEF-CF34AC3D44DA}.AppStore|iPhone.ActiveCfg = Release|Any CPU
		{2D795909-ED84-46FF-BCEF-CF34AC3D44DA}.AppStore|iPhone.Build.0 = Release|Any CPU
		{2D795909-ED84-46FF-BCEF-CF34AC3D44DA}.AppStore|iPhone.Deploy.0 = Release|Any CPU
		{2D795909-ED84-46FF-BCEF-CF34AC3D44DA}.AppStore|iPhoneSimulator.ActiveCfg = Release|Any CPU
		{2D795909-ED84-46FF-BCEF-CF34AC3D44DA}.AppStore|iPhoneSimulator.Build.0 = Release|Any CPU
		{2D795909-ED84-46FF-BCEF-CF34AC3D44DA}.AppStore|iPhoneSimulator.Deploy.0 = Release|Any CPU
		{2D795909-ED84-46FF-BCEF-CF34AC3D44DA}.AppStore|x64.ActiveCfg = Release|Any CPU
		{2D795909-ED84-46FF-BCEF-CF34AC3D44DA}.AppStore|x64.Build.0 = Release|Any CPU
		{2D795909-ED84-46FF-BCEF-CF34AC3D44DA}.AppStore|x64.Deploy.0 = Release|Any CPU
		{2D795909-ED84-46FF-BCEF-CF34AC3D44DA}.AppStore|x86.ActiveCfg = Release|Any CPU
		{2D795909-ED84-46FF-BCEF-CF34AC3D44DA}.AppStore|x86.Build.0 = Release|Any CPU
		{2D795909-ED84-46FF-BCEF-CF34AC3D44DA}.AppStore|x86.Deploy.0 = Release|Any CPU
		{2D795909-ED84-46FF-BCEF-CF34AC3D44DA}.Debug|Any CPU.ActiveCfg = Debug|Any CPU
		{2D795909-ED84-46FF-BCEF-CF34AC3D44DA}.Debug|Any CPU.Build.0 = Debug|Any CPU
		{2D795909-ED84-46FF-BCEF-CF34AC3D44DA}.Debug|Any CPU.Deploy.0 = Debug|Any CPU
		{2D795909-ED84-46FF-BCEF-CF34AC3D44DA}.Debug|ARM.ActiveCfg = Debug|Any CPU
		{2D795909-ED84-46FF-BCEF-CF34AC3D44DA}.Debug|ARM.Build.0 = Debug|Any CPU
		{2D795909-ED84-46FF-BCEF-CF34AC3D44DA}.Debug|ARM.Deploy.0 = Debug|Any CPU
		{2D795909-ED84-46FF-BCEF-CF34AC3D44DA}.Debug|iPhone.ActiveCfg = Debug|Any CPU
		{2D795909-ED84-46FF-BCEF-CF34AC3D44DA}.Debug|iPhone.Build.0 = Debug|Any CPU
		{2D795909-ED84-46FF-BCEF-CF34AC3D44DA}.Debug|iPhone.Deploy.0 = Debug|Any CPU
		{2D795909-ED84-46FF-BCEF-CF34AC3D44DA}.Debug|iPhoneSimulator.ActiveCfg = Debug|Any CPU
		{2D795909-ED84-46FF-BCEF-CF34AC3D44DA}.Debug|iPhoneSimulator.Build.0 = Debug|Any CPU
		{2D795909-ED84-46FF-BCEF-CF34AC3D44DA}.Debug|iPhoneSimulator.Deploy.0 = Debug|Any CPU
		{2D795909-ED84-46FF-BCEF-CF34AC3D44DA}.Debug|x64.ActiveCfg = Debug|Any CPU
		{2D795909-ED84-46FF-BCEF-CF34AC3D44DA}.Debug|x64.Build.0 = Debug|Any CPU
		{2D795909-ED84-46FF-BCEF-CF34AC3D44DA}.Debug|x64.Deploy.0 = Debug|Any CPU
		{2D795909-ED84-46FF-BCEF-CF34AC3D44DA}.Debug|x86.ActiveCfg = Debug|Any CPU
		{2D795909-ED84-46FF-BCEF-CF34AC3D44DA}.Debug|x86.Build.0 = Debug|Any CPU
		{2D795909-ED84-46FF-BCEF-CF34AC3D44DA}.Debug|x86.Deploy.0 = Debug|Any CPU
		{2D795909-ED84-46FF-BCEF-CF34AC3D44DA}.Release|Any CPU.ActiveCfg = Release|Any CPU
		{2D795909-ED84-46FF-BCEF-CF34AC3D44DA}.Release|Any CPU.Build.0 = Release|Any CPU
		{2D795909-ED84-46FF-BCEF-CF34AC3D44DA}.Release|Any CPU.Deploy.0 = Release|Any CPU
		{2D795909-ED84-46FF-BCEF-CF34AC3D44DA}.Release|ARM.ActiveCfg = Release|Any CPU
		{2D795909-ED84-46FF-BCEF-CF34AC3D44DA}.Release|ARM.Build.0 = Release|Any CPU
		{2D795909-ED84-46FF-BCEF-CF34AC3D44DA}.Release|ARM.Deploy.0 = Release|Any CPU
		{2D795909-ED84-46FF-BCEF-CF34AC3D44DA}.Release|iPhone.ActiveCfg = Release|Any CPU
		{2D795909-ED84-46FF-BCEF-CF34AC3D44DA}.Release|iPhone.Build.0 = Release|Any CPU
		{2D795909-ED84-46FF-BCEF-CF34AC3D44DA}.Release|iPhone.Deploy.0 = Release|Any CPU
		{2D795909-ED84-46FF-BCEF-CF34AC3D44DA}.Release|iPhoneSimulator.ActiveCfg = Release|Any CPU
		{2D795909-ED84-46FF-BCEF-CF34AC3D44DA}.Release|iPhoneSimulator.Build.0 = Release|Any CPU
		{2D795909-ED84-46FF-BCEF-CF34AC3D44DA}.Release|iPhoneSimulator.Deploy.0 = Release|Any CPU
		{2D795909-ED84-46FF-BCEF-CF34AC3D44DA}.Release|x64.ActiveCfg = Release|Any CPU
		{2D795909-ED84-46FF-BCEF-CF34AC3D44DA}.Release|x64.Build.0 = Release|Any CPU
		{2D795909-ED84-46FF-BCEF-CF34AC3D44DA}.Release|x64.Deploy.0 = Release|Any CPU
		{2D795909-ED84-46FF-BCEF-CF34AC3D44DA}.Release|x86.ActiveCfg = Release|Any CPU
		{2D795909-ED84-46FF-BCEF-CF34AC3D44DA}.Release|x86.Build.0 = Release|Any CPU
		{2D795909-ED84-46FF-BCEF-CF34AC3D44DA}.Release|x86.Deploy.0 = Release|Any CPU
		{CA003EEF-6A61-483C-97D4-D0882447EEFB}.Ad-Hoc|Any CPU.ActiveCfg = Release|Any CPU
		{CA003EEF-6A61-483C-97D4-D0882447EEFB}.Ad-Hoc|Any CPU.Build.0 = Release|Any CPU
		{CA003EEF-6A61-483C-97D4-D0882447EEFB}.Ad-Hoc|ARM.ActiveCfg = Release|Any CPU
		{CA003EEF-6A61-483C-97D4-D0882447EEFB}.Ad-Hoc|ARM.Build.0 = Release|Any CPU
		{CA003EEF-6A61-483C-97D4-D0882447EEFB}.Ad-Hoc|iPhone.ActiveCfg = Release|Any CPU
		{CA003EEF-6A61-483C-97D4-D0882447EEFB}.Ad-Hoc|iPhone.Build.0 = Release|Any CPU
		{CA003EEF-6A61-483C-97D4-D0882447EEFB}.Ad-Hoc|iPhoneSimulator.ActiveCfg = Release|Any CPU
		{CA003EEF-6A61-483C-97D4-D0882447EEFB}.Ad-Hoc|iPhoneSimulator.Build.0 = Release|Any CPU
		{CA003EEF-6A61-483C-97D4-D0882447EEFB}.Ad-Hoc|x64.ActiveCfg = Release|Any CPU
		{CA003EEF-6A61-483C-97D4-D0882447EEFB}.Ad-Hoc|x64.Build.0 = Release|Any CPU
		{CA003EEF-6A61-483C-97D4-D0882447EEFB}.Ad-Hoc|x86.ActiveCfg = Release|Any CPU
		{CA003EEF-6A61-483C-97D4-D0882447EEFB}.Ad-Hoc|x86.Build.0 = Release|Any CPU
		{CA003EEF-6A61-483C-97D4-D0882447EEFB}.AppStore|Any CPU.ActiveCfg = Release|Any CPU
		{CA003EEF-6A61-483C-97D4-D0882447EEFB}.AppStore|Any CPU.Build.0 = Release|Any CPU
		{CA003EEF-6A61-483C-97D4-D0882447EEFB}.AppStore|ARM.ActiveCfg = Release|Any CPU
		{CA003EEF-6A61-483C-97D4-D0882447EEFB}.AppStore|ARM.Build.0 = Release|Any CPU
		{CA003EEF-6A61-483C-97D4-D0882447EEFB}.AppStore|iPhone.ActiveCfg = Release|Any CPU
		{CA003EEF-6A61-483C-97D4-D0882447EEFB}.AppStore|iPhone.Build.0 = Release|Any CPU
		{CA003EEF-6A61-483C-97D4-D0882447EEFB}.AppStore|iPhoneSimulator.ActiveCfg = Release|Any CPU
		{CA003EEF-6A61-483C-97D4-D0882447EEFB}.AppStore|iPhoneSimulator.Build.0 = Release|Any CPU
		{CA003EEF-6A61-483C-97D4-D0882447EEFB}.AppStore|x64.ActiveCfg = Release|Any CPU
		{CA003EEF-6A61-483C-97D4-D0882447EEFB}.AppStore|x64.Build.0 = Release|Any CPU
		{CA003EEF-6A61-483C-97D4-D0882447EEFB}.AppStore|x86.ActiveCfg = Release|Any CPU
		{CA003EEF-6A61-483C-97D4-D0882447EEFB}.AppStore|x86.Build.0 = Release|Any CPU
		{CA003EEF-6A61-483C-97D4-D0882447EEFB}.Debug|Any CPU.ActiveCfg = Debug|Any CPU
		{CA003EEF-6A61-483C-97D4-D0882447EEFB}.Debug|Any CPU.Build.0 = Debug|Any CPU
		{CA003EEF-6A61-483C-97D4-D0882447EEFB}.Debug|ARM.ActiveCfg = Debug|Any CPU
		{CA003EEF-6A61-483C-97D4-D0882447EEFB}.Debug|ARM.Build.0 = Debug|Any CPU
		{CA003EEF-6A61-483C-97D4-D0882447EEFB}.Debug|iPhone.ActiveCfg = Debug|Any CPU
		{CA003EEF-6A61-483C-97D4-D0882447EEFB}.Debug|iPhone.Build.0 = Debug|Any CPU
		{CA003EEF-6A61-483C-97D4-D0882447EEFB}.Debug|iPhoneSimulator.ActiveCfg = Debug|Any CPU
		{CA003EEF-6A61-483C-97D4-D0882447EEFB}.Debug|iPhoneSimulator.Build.0 = Debug|Any CPU
		{CA003EEF-6A61-483C-97D4-D0882447EEFB}.Debug|x64.ActiveCfg = Debug|Any CPU
		{CA003EEF-6A61-483C-97D4-D0882447EEFB}.Debug|x64.Build.0 = Debug|Any CPU
		{CA003EEF-6A61-483C-97D4-D0882447EEFB}.Debug|x86.ActiveCfg = Debug|Any CPU
		{CA003EEF-6A61-483C-97D4-D0882447EEFB}.Debug|x86.Build.0 = Debug|Any CPU
		{CA003EEF-6A61-483C-97D4-D0882447EEFB}.Release|Any CPU.ActiveCfg = Release|Any CPU
		{CA003EEF-6A61-483C-97D4-D0882447EEFB}.Release|Any CPU.Build.0 = Release|Any CPU
		{CA003EEF-6A61-483C-97D4-D0882447EEFB}.Release|ARM.ActiveCfg = Release|Any CPU
		{CA003EEF-6A61-483C-97D4-D0882447EEFB}.Release|ARM.Build.0 = Release|Any CPU
		{CA003EEF-6A61-483C-97D4-D0882447EEFB}.Release|iPhone.ActiveCfg = Release|Any CPU
		{CA003EEF-6A61-483C-97D4-D0882447EEFB}.Release|iPhone.Build.0 = Release|Any CPU
		{CA003EEF-6A61-483C-97D4-D0882447EEFB}.Release|iPhoneSimulator.ActiveCfg = Release|Any CPU
		{CA003EEF-6A61-483C-97D4-D0882447EEFB}.Release|iPhoneSimulator.Build.0 = Release|Any CPU
		{CA003EEF-6A61-483C-97D4-D0882447EEFB}.Release|x64.ActiveCfg = Release|Any CPU
		{CA003EEF-6A61-483C-97D4-D0882447EEFB}.Release|x64.Build.0 = Release|Any CPU
		{CA003EEF-6A61-483C-97D4-D0882447EEFB}.Release|x86.ActiveCfg = Release|Any CPU
		{CA003EEF-6A61-483C-97D4-D0882447EEFB}.Release|x86.Build.0 = Release|Any CPU
		{4385C513-4BA1-4710-A71C-852886F2FF30}.Ad-Hoc|Any CPU.ActiveCfg = Release|x86
		{4385C513-4BA1-4710-A71C-852886F2FF30}.Ad-Hoc|Any CPU.Build.0 = Release|x86
		{4385C513-4BA1-4710-A71C-852886F2FF30}.Ad-Hoc|Any CPU.Deploy.0 = Release|x86
		{4385C513-4BA1-4710-A71C-852886F2FF30}.Ad-Hoc|ARM.ActiveCfg = Release|ARM
		{4385C513-4BA1-4710-A71C-852886F2FF30}.Ad-Hoc|ARM.Build.0 = Release|ARM
		{4385C513-4BA1-4710-A71C-852886F2FF30}.Ad-Hoc|ARM.Deploy.0 = Release|ARM
		{4385C513-4BA1-4710-A71C-852886F2FF30}.Ad-Hoc|iPhone.ActiveCfg = Release|x86
		{4385C513-4BA1-4710-A71C-852886F2FF30}.Ad-Hoc|iPhone.Build.0 = Release|x86
		{4385C513-4BA1-4710-A71C-852886F2FF30}.Ad-Hoc|iPhone.Deploy.0 = Release|x86
		{4385C513-4BA1-4710-A71C-852886F2FF30}.Ad-Hoc|iPhoneSimulator.ActiveCfg = Release|x86
		{4385C513-4BA1-4710-A71C-852886F2FF30}.Ad-Hoc|iPhoneSimulator.Build.0 = Release|x86
		{4385C513-4BA1-4710-A71C-852886F2FF30}.Ad-Hoc|iPhoneSimulator.Deploy.0 = Release|x86
		{4385C513-4BA1-4710-A71C-852886F2FF30}.Ad-Hoc|x64.ActiveCfg = Release|x64
		{4385C513-4BA1-4710-A71C-852886F2FF30}.Ad-Hoc|x64.Build.0 = Release|x64
		{4385C513-4BA1-4710-A71C-852886F2FF30}.Ad-Hoc|x64.Deploy.0 = Release|x64
		{4385C513-4BA1-4710-A71C-852886F2FF30}.Ad-Hoc|x86.ActiveCfg = Release|x86
		{4385C513-4BA1-4710-A71C-852886F2FF30}.Ad-Hoc|x86.Build.0 = Release|x86
		{4385C513-4BA1-4710-A71C-852886F2FF30}.Ad-Hoc|x86.Deploy.0 = Release|x86
		{4385C513-4BA1-4710-A71C-852886F2FF30}.AppStore|Any CPU.ActiveCfg = Release|x86
		{4385C513-4BA1-4710-A71C-852886F2FF30}.AppStore|Any CPU.Build.0 = Release|x86
		{4385C513-4BA1-4710-A71C-852886F2FF30}.AppStore|Any CPU.Deploy.0 = Release|x86
		{4385C513-4BA1-4710-A71C-852886F2FF30}.AppStore|ARM.ActiveCfg = Release|ARM
		{4385C513-4BA1-4710-A71C-852886F2FF30}.AppStore|ARM.Build.0 = Release|ARM
		{4385C513-4BA1-4710-A71C-852886F2FF30}.AppStore|ARM.Deploy.0 = Release|ARM
		{4385C513-4BA1-4710-A71C-852886F2FF30}.AppStore|iPhone.ActiveCfg = Release|x86
		{4385C513-4BA1-4710-A71C-852886F2FF30}.AppStore|iPhone.Build.0 = Release|x86
		{4385C513-4BA1-4710-A71C-852886F2FF30}.AppStore|iPhone.Deploy.0 = Release|x86
		{4385C513-4BA1-4710-A71C-852886F2FF30}.AppStore|iPhoneSimulator.ActiveCfg = Release|x86
		{4385C513-4BA1-4710-A71C-852886F2FF30}.AppStore|iPhoneSimulator.Build.0 = Release|x86
		{4385C513-4BA1-4710-A71C-852886F2FF30}.AppStore|iPhoneSimulator.Deploy.0 = Release|x86
		{4385C513-4BA1-4710-A71C-852886F2FF30}.AppStore|x64.ActiveCfg = Release|x64
		{4385C513-4BA1-4710-A71C-852886F2FF30}.AppStore|x64.Build.0 = Release|x64
		{4385C513-4BA1-4710-A71C-852886F2FF30}.AppStore|x64.Deploy.0 = Release|x64
		{4385C513-4BA1-4710-A71C-852886F2FF30}.AppStore|x86.ActiveCfg = Release|x86
		{4385C513-4BA1-4710-A71C-852886F2FF30}.AppStore|x86.Build.0 = Release|x86
		{4385C513-4BA1-4710-A71C-852886F2FF30}.AppStore|x86.Deploy.0 = Release|x86
		{4385C513-4BA1-4710-A71C-852886F2FF30}.Debug|Any CPU.ActiveCfg = Debug|x86
		{4385C513-4BA1-4710-A71C-852886F2FF30}.Debug|ARM.ActiveCfg = Debug|ARM
		{4385C513-4BA1-4710-A71C-852886F2FF30}.Debug|ARM.Build.0 = Debug|ARM
		{4385C513-4BA1-4710-A71C-852886F2FF30}.Debug|ARM.Deploy.0 = Debug|ARM
		{4385C513-4BA1-4710-A71C-852886F2FF30}.Debug|iPhone.ActiveCfg = Debug|x86
		{4385C513-4BA1-4710-A71C-852886F2FF30}.Debug|iPhoneSimulator.ActiveCfg = Debug|x86
		{4385C513-4BA1-4710-A71C-852886F2FF30}.Debug|x64.ActiveCfg = Debug|x64
		{4385C513-4BA1-4710-A71C-852886F2FF30}.Debug|x64.Build.0 = Debug|x64
		{4385C513-4BA1-4710-A71C-852886F2FF30}.Debug|x64.Deploy.0 = Debug|x64
		{4385C513-4BA1-4710-A71C-852886F2FF30}.Debug|x86.ActiveCfg = Debug|x86
		{4385C513-4BA1-4710-A71C-852886F2FF30}.Debug|x86.Build.0 = Debug|x86
		{4385C513-4BA1-4710-A71C-852886F2FF30}.Debug|x86.Deploy.0 = Debug|x86
		{4385C513-4BA1-4710-A71C-852886F2FF30}.Release|Any CPU.ActiveCfg = Release|x86
		{4385C513-4BA1-4710-A71C-852886F2FF30}.Release|ARM.ActiveCfg = Release|ARM
		{4385C513-4BA1-4710-A71C-852886F2FF30}.Release|ARM.Build.0 = Release|ARM
		{4385C513-4BA1-4710-A71C-852886F2FF30}.Release|ARM.Deploy.0 = Release|ARM
		{4385C513-4BA1-4710-A71C-852886F2FF30}.Release|iPhone.ActiveCfg = Release|x86
		{4385C513-4BA1-4710-A71C-852886F2FF30}.Release|iPhoneSimulator.ActiveCfg = Release|x86
		{4385C513-4BA1-4710-A71C-852886F2FF30}.Release|x64.ActiveCfg = Release|x64
		{4385C513-4BA1-4710-A71C-852886F2FF30}.Release|x64.Build.0 = Release|x64
		{4385C513-4BA1-4710-A71C-852886F2FF30}.Release|x64.Deploy.0 = Release|x64
		{4385C513-4BA1-4710-A71C-852886F2FF30}.Release|x86.ActiveCfg = Release|x86
		{4385C513-4BA1-4710-A71C-852886F2FF30}.Release|x86.Build.0 = Release|x86
		{4385C513-4BA1-4710-A71C-852886F2FF30}.Release|x86.Deploy.0 = Release|x86
		{E694309E-118B-475B-9BC7-A70228392624}.Ad-Hoc|Any CPU.ActiveCfg = Ad-Hoc|iPhone
		{E694309E-118B-475B-9BC7-A70228392624}.Ad-Hoc|ARM.ActiveCfg = Ad-Hoc|iPhone
		{E694309E-118B-475B-9BC7-A70228392624}.Ad-Hoc|iPhone.ActiveCfg = Ad-Hoc|iPhone
		{E694309E-118B-475B-9BC7-A70228392624}.Ad-Hoc|iPhone.Build.0 = Ad-Hoc|iPhone
		{E694309E-118B-475B-9BC7-A70228392624}.Ad-Hoc|iPhoneSimulator.ActiveCfg = Ad-Hoc|iPhoneSimulator
		{E694309E-118B-475B-9BC7-A70228392624}.Ad-Hoc|iPhoneSimulator.Build.0 = Ad-Hoc|iPhoneSimulator
		{E694309E-118B-475B-9BC7-A70228392624}.Ad-Hoc|x64.ActiveCfg = Ad-Hoc|iPhone
		{E694309E-118B-475B-9BC7-A70228392624}.Ad-Hoc|x86.ActiveCfg = Ad-Hoc|iPhone
		{E694309E-118B-475B-9BC7-A70228392624}.AppStore|Any CPU.ActiveCfg = AppStore|iPhone
		{E694309E-118B-475B-9BC7-A70228392624}.AppStore|ARM.ActiveCfg = AppStore|iPhone
		{E694309E-118B-475B-9BC7-A70228392624}.AppStore|iPhone.ActiveCfg = AppStore|iPhone
		{E694309E-118B-475B-9BC7-A70228392624}.AppStore|iPhone.Build.0 = AppStore|iPhone
		{E694309E-118B-475B-9BC7-A70228392624}.AppStore|iPhoneSimulator.ActiveCfg = AppStore|iPhoneSimulator
		{E694309E-118B-475B-9BC7-A70228392624}.AppStore|iPhoneSimulator.Build.0 = AppStore|iPhoneSimulator
		{E694309E-118B-475B-9BC7-A70228392624}.AppStore|x64.ActiveCfg = AppStore|iPhone
		{E694309E-118B-475B-9BC7-A70228392624}.AppStore|x86.ActiveCfg = AppStore|iPhone
		{E694309E-118B-475B-9BC7-A70228392624}.Debug|Any CPU.ActiveCfg = Debug|iPhone
		{E694309E-118B-475B-9BC7-A70228392624}.Debug|ARM.ActiveCfg = Debug|iPhone
		{E694309E-118B-475B-9BC7-A70228392624}.Debug|iPhone.ActiveCfg = Debug|iPhone
		{E694309E-118B-475B-9BC7-A70228392624}.Debug|iPhone.Build.0 = Debug|iPhone
		{E694309E-118B-475B-9BC7-A70228392624}.Debug|iPhoneSimulator.ActiveCfg = Debug|iPhoneSimulator
		{E694309E-118B-475B-9BC7-A70228392624}.Debug|iPhoneSimulator.Build.0 = Debug|iPhoneSimulator
		{E694309E-118B-475B-9BC7-A70228392624}.Debug|x64.ActiveCfg = Debug|iPhone
		{E694309E-118B-475B-9BC7-A70228392624}.Debug|x86.ActiveCfg = Debug|iPhone
		{E694309E-118B-475B-9BC7-A70228392624}.Release|Any CPU.ActiveCfg = Release|iPhone
		{E694309E-118B-475B-9BC7-A70228392624}.Release|ARM.ActiveCfg = Release|iPhone
		{E694309E-118B-475B-9BC7-A70228392624}.Release|iPhone.ActiveCfg = Release|iPhone
		{E694309E-118B-475B-9BC7-A70228392624}.Release|iPhone.Build.0 = Release|iPhone
		{E694309E-118B-475B-9BC7-A70228392624}.Release|iPhoneSimulator.ActiveCfg = Release|iPhoneSimulator
		{E694309E-118B-475B-9BC7-A70228392624}.Release|iPhoneSimulator.Build.0 = Release|iPhoneSimulator
		{E694309E-118B-475B-9BC7-A70228392624}.Release|x64.ActiveCfg = Release|iPhone
		{E694309E-118B-475B-9BC7-A70228392624}.Release|x86.ActiveCfg = Release|iPhone
	EndGlobalSection
	GlobalSection(SolutionProperties) = preSolution
		HideSolutionNode = FALSE
	EndGlobalSection
	GlobalSection(ExtensibilityGlobals) = postSolution
		SolutionGuid = {FA6F3F7B-7B3C-4694-88DE-073F545E8D43}
	EndGlobalSection
EndGlobal
